// !$*UTF8*$!
{
	archiveVersion = 1;
	classes = {
	};
	objectVersion = 56;
	objects = {

/* Begin PBXBuildFile section */
		2970872C2BFFC4CB00479A67 /* AppDelegate.swift in Sources */ = {isa = PBXBuildFile; fileRef = 2970872B2BFFC4CB00479A67 /* AppDelegate.swift */; };
		2970872E2BFFC4CB00479A67 /* SceneDelegate.swift in Sources */ = {isa = PBXBuildFile; fileRef = 2970872D2BFFC4CB00479A67 /* SceneDelegate.swift */; };
		297087352BFFC4CC00479A67 /* Assets.xcassets in Resources */ = {isa = PBXBuildFile; fileRef = 297087342BFFC4CC00479A67 /* Assets.xcassets */; };
		297087382BFFC4CC00479A67 /* LaunchScreen.storyboard in Resources */ = {isa = PBXBuildFile; fileRef = 297087362BFFC4CC00479A67 /* LaunchScreen.storyboard */; };
		29C0BA592C016AC4008017DF /* LoginScreen.swift in Sources */ = {isa = PBXBuildFile; fileRef = 29C0BA582C016AC4008017DF /* LoginScreen.swift */; };
		29C0BA5B2C016B04008017DF /* LoginVC.swift in Sources */ = {isa = PBXBuildFile; fileRef = 29C0BA5A2C016B04008017DF /* LoginVC.swift */; };
		29C0BA5F2C016D89008017DF /* HomeVC.swift in Sources */ = {isa = PBXBuildFile; fileRef = 29C0BA5E2C016D89008017DF /* HomeVC.swift */; };
		9320F49EC1E27D11745B4166 /* Pods_snapkitProject.framework in Frameworks */ = {isa = PBXBuildFile; fileRef = A12874503E027C711EC023CB /* Pods_snapkitProject.framework */; };
/* End PBXBuildFile section */

/* Begin PBXFileReference section */
		297087282BFFC4CB00479A67 /* snapkitProject.app */ = {isa = PBXFileReference; explicitFileType = wrapper.application; includeInIndex = 0; path = snapkitProject.app; sourceTree = BUILT_PRODUCTS_DIR; };
		2970872B2BFFC4CB00479A67 /* AppDelegate.swift */ = {isa = PBXFileReference; lastKnownFileType = sourcecode.swift; path = AppDelegate.swift; sourceTree = "<group>"; };
		2970872D2BFFC4CB00479A67 /* SceneDelegate.swift */ = {isa = PBXFileReference; lastKnownFileType = sourcecode.swift; path = SceneDelegate.swift; sourceTree = "<group>"; };
		297087342BFFC4CC00479A67 /* Assets.xcassets */ = {isa = PBXFileReference; lastKnownFileType = folder.assetcatalog; path = Assets.xcassets; sourceTree = "<group>"; };
		297087372BFFC4CC00479A67 /* Base */ = {isa = PBXFileReference; lastKnownFileType = file.storyboard; name = Base; path = Base.lproj/LaunchScreen.storyboard; sourceTree = "<group>"; };
		297087392BFFC4CC00479A67 /* Info.plist */ = {isa = PBXFileReference; lastKnownFileType = text.plist.xml; path = Info.plist; sourceTree = "<group>"; };
		29C0BA582C016AC4008017DF /* LoginScreen.swift */ = {isa = PBXFileReference; lastKnownFileType = sourcecode.swift; path = LoginScreen.swift; sourceTree = "<group>"; };
		29C0BA5A2C016B04008017DF /* LoginVC.swift */ = {isa = PBXFileReference; lastKnownFileType = sourcecode.swift; path = LoginVC.swift; sourceTree = "<group>"; };
		29C0BA5E2C016D89008017DF /* HomeVC.swift */ = {isa = PBXFileReference; lastKnownFileType = sourcecode.swift; path = HomeVC.swift; sourceTree = "<group>"; };
		701DC761439FA50139015776 /* Pods-snapkitProject.release.xcconfig */ = {isa = PBXFileReference; includeInIndex = 1; lastKnownFileType = text.xcconfig; name = "Pods-snapkitProject.release.xcconfig"; path = "Target Support Files/Pods-snapkitProject/Pods-snapkitProject.release.xcconfig"; sourceTree = "<group>"; };
		A12874503E027C711EC023CB /* Pods_snapkitProject.framework */ = {isa = PBXFileReference; explicitFileType = wrapper.framework; includeInIndex = 0; path = Pods_snapkitProject.framework; sourceTree = BUILT_PRODUCTS_DIR; };
		CB9E73B9692CC62D8839D020 /* Pods-snapkitProject.debug.xcconfig */ = {isa = PBXFileReference; includeInIndex = 1; lastKnownFileType = text.xcconfig; name = "Pods-snapkitProject.debug.xcconfig"; path = "Target Support Files/Pods-snapkitProject/Pods-snapkitProject.debug.xcconfig"; sourceTree = "<group>"; };
/* End PBXFileReference section */

/* Begin PBXFrameworksBuildPhase section */
		297087252BFFC4CB00479A67 /* Frameworks */ = {
			isa = PBXFrameworksBuildPhase;
			buildActionMask = 2147483647;
			files = (
				9320F49EC1E27D11745B4166 /* Pods_snapkitProject.framework in Frameworks */,
			);
			runOnlyForDeploymentPostprocessing = 0;
		};
/* End PBXFrameworksBuildPhase section */

/* Begin PBXGroup section */
		2970871F2BFFC4CB00479A67 = {
			isa = PBXGroup;
			children = (
				2970872A2BFFC4CB00479A67 /* snapkitProject */,
				297087292BFFC4CB00479A67 /* Products */,
				58A3B13D7893C2C33A1F65AE /* Pods */,
				6488D5FF273DBF96A99F3FFB /* Frameworks */,
			);
			sourceTree = "<group>";
		};
		297087292BFFC4CB00479A67 /* Products */ = {
			isa = PBXGroup;
			children = (
				297087282BFFC4CB00479A67 /* snapkitProject.app */,
			);
			name = Products;
			sourceTree = "<group>";
		};
		2970872A2BFFC4CB00479A67 /* snapkitProject */ = {
			isa = PBXGroup;
			children = (
				29C0BA5C2C016D6D008017DF /* Home */,
				29C0BA552C016A63008017DF /* Login */,
				2970872B2BFFC4CB00479A67 /* AppDelegate.swift */,
				2970872D2BFFC4CB00479A67 /* SceneDelegate.swift */,
				297087342BFFC4CC00479A67 /* Assets.xcassets */,
				297087362BFFC4CC00479A67 /* LaunchScreen.storyboard */,
				297087392BFFC4CC00479A67 /* Info.plist */,
			);
			path = snapkitProject;
			sourceTree = "<group>";
		};
		29C0BA552C016A63008017DF /* Login */ = {
			isa = PBXGroup;
			children = (
				29C0BA572C016A86008017DF /* VC */,
				29C0BA562C016A78008017DF /* Screen */,
			);
			path = Login;
			sourceTree = "<group>";
		};
		29C0BA562C016A78008017DF /* Screen */ = {
			isa = PBXGroup;
			children = (
				29C0BA582C016AC4008017DF /* LoginScreen.swift */,
			);
			path = Screen;
			sourceTree = "<group>";
		};
		29C0BA572C016A86008017DF /* VC */ = {
			isa = PBXGroup;
			children = (
				29C0BA5A2C016B04008017DF /* LoginVC.swift */,
			);
			path = VC;
			sourceTree = "<group>";
		};
		29C0BA5C2C016D6D008017DF /* Home */ = {
			isa = PBXGroup;
			children = (
				29C0BA5D2C016D72008017DF /* VC */,
			);
			path = Home;
			sourceTree = "<group>";
		};
		29C0BA5D2C016D72008017DF /* VC */ = {
			isa = PBXGroup;
			children = (
				29C0BA5E2C016D89008017DF /* HomeVC.swift */,
			);
			path = VC;
			sourceTree = "<group>";
		};
		58A3B13D7893C2C33A1F65AE /* Pods */ = {
			isa = PBXGroup;
			children = (
				CB9E73B9692CC62D8839D020 /* Pods-snapkitProject.debug.xcconfig */,
				701DC761439FA50139015776 /* Pods-snapkitProject.release.xcconfig */,
			);
			name = Pods;
			path = Pods;
			sourceTree = "<group>";
		};
		6488D5FF273DBF96A99F3FFB /* Frameworks */ = {
			isa = PBXGroup;
			children = (
				A12874503E027C711EC023CB /* Pods_snapkitProject.framework */,
			);
			name = Frameworks;
			sourceTree = "<group>";
		};
/* End PBXGroup section */

/* Begin PBXNativeTarget section */
		297087272BFFC4CB00479A67 /* snapkitProject */ = {
			isa = PBXNativeTarget;
			buildConfigurationList = 2970873C2BFFC4CC00479A67 /* Build configuration list for PBXNativeTarget "snapkitProject" */;
			buildPhases = (
				703758612F4AB1608125063A /* [CP] Check Pods Manifest.lock */,
				297087242BFFC4CB00479A67 /* Sources */,
				297087252BFFC4CB00479A67 /* Frameworks */,
				297087262BFFC4CB00479A67 /* Resources */,
				1E7EDBCBCEDCC0FB6A00F740 /* [CP] Embed Pods Frameworks */,
			);
			buildRules = (
			);
			dependencies = (
			);
			name = snapkitProject;
			productName = snapkitProject;
			productReference = 297087282BFFC4CB00479A67 /* snapkitProject.app */;
			productType = "com.apple.product-type.application";
		};
/* End PBXNativeTarget section */

/* Begin PBXProject section */
		297087202BFFC4CB00479A67 /* Project object */ = {
			isa = PBXProject;
			attributes = {
				BuildIndependentTargetsInParallel = 1;
				LastSwiftUpdateCheck = 1430;
				LastUpgradeCheck = 1430;
				TargetAttributes = {
					297087272BFFC4CB00479A67 = {
						CreatedOnToolsVersion = 14.3.1;
					};
				};
			};
			buildConfigurationList = 297087232BFFC4CB00479A67 /* Build configuration list for PBXProject "snapkitProject" */;
			compatibilityVersion = "Xcode 14.0";
			developmentRegion = en;
			hasScannedForEncodings = 0;
			knownRegions = (
				en,
				Base,
			);
			mainGroup = 2970871F2BFFC4CB00479A67;
			productRefGroup = 297087292BFFC4CB00479A67 /* Products */;
			projectDirPath = "";
			projectRoot = "";
			targets = (
				297087272BFFC4CB00479A67 /* snapkitProject */,
			);
		};
/* End PBXProject section */

/* Begin PBXResourcesBuildPhase section */
		297087262BFFC4CB00479A67 /* Resources */ = {
			isa = PBXResourcesBuildPhase;
			buildActionMask = 2147483647;
			files = (
				297087382BFFC4CC00479A67 /* LaunchScreen.storyboard in Resources */,
				297087352BFFC4CC00479A67 /* Assets.xcassets in Resources */,
			);
			runOnlyForDeploymentPostprocessing = 0;
		};
/* End PBXResourcesBuildPhase section */

/* Begin PBXShellScriptBuildPhase section */
		1E7EDBCBCEDCC0FB6A00F740 /* [CP] Embed Pods Frameworks */ = {
			isa = PBXShellScriptBuildPhase;
			buildActionMask = 2147483647;
			files = (
			);
			inputFileListPaths = (
				"${PODS_ROOT}/Target Support Files/Pods-snapkitProject/Pods-snapkitProject-frameworks-${CONFIGURATION}-input-files.xcfilelist",
			);
			name = "[CP] Embed Pods Frameworks";
			outputFileListPaths = (
				"${PODS_ROOT}/Target Support Files/Pods-snapkitProject/Pods-snapkitProject-frameworks-${CONFIGURATION}-output-files.xcfilelist",
			);
			runOnlyForDeploymentPostprocessing = 0;
			shellPath = /bin/sh;
			shellScript = "\"${PODS_ROOT}/Target Support Files/Pods-snapkitProject/Pods-snapkitProject-frameworks.sh\"\n";
			showEnvVarsInLog = 0;
		};
		703758612F4AB1608125063A /* [CP] Check Pods Manifest.lock */ = {
			isa = PBXShellScriptBuildPhase;
			buildActionMask = 2147483647;
			files = (
			);
			inputFileListPaths = (
			);
			inputPaths = (
				"${PODS_PODFILE_DIR_PATH}/Podfile.lock",
				"${PODS_ROOT}/Manifest.lock",
			);
			name = "[CP] Check Pods Manifest.lock";
			outputFileListPaths = (
			);
			outputPaths = (
				"$(DERIVED_FILE_DIR)/Pods-snapkitProject-checkManifestLockResult.txt",
			);
			runOnlyForDeploymentPostprocessing = 0;
			shellPath = /bin/sh;
			shellScript = "diff \"${PODS_PODFILE_DIR_PATH}/Podfile.lock\" \"${PODS_ROOT}/Manifest.lock\" > /dev/null\nif [ $? != 0 ] ; then\n    # print error to STDERR\n    echo \"error: The sandbox is not in sync with the Podfile.lock. Run 'pod install' or update your CocoaPods installation.\" >&2\n    exit 1\nfi\n# This output is used by Xcode 'outputs' to avoid re-running this script phase.\necho \"SUCCESS\" > \"${SCRIPT_OUTPUT_FILE_0}\"\n";
			showEnvVarsInLog = 0;
		};
/* End PBXShellScriptBuildPhase section */

/* Begin PBXSourcesBuildPhase section */
		297087242BFFC4CB00479A67 /* Sources */ = {
			isa = PBXSourcesBuildPhase;
			buildActionMask = 2147483647;
			files = (
				2970872C2BFFC4CB00479A67 /* AppDelegate.swift in Sources */,
				29C0BA5B2C016B04008017DF /* LoginVC.swift in Sources */,
				29C0BA5F2C016D89008017DF /* HomeVC.swift in Sources */,
				2970872E2BFFC4CB00479A67 /* SceneDelegate.swift in Sources */,
				29C0BA592C016AC4008017DF /* LoginScreen.swift in Sources */,
			);
			runOnlyForDeploymentPostprocessing = 0;
		};
/* End PBXSourcesBuildPhase section */

/* Begin PBXVariantGroup section */
		297087362BFFC4CC00479A67 /* LaunchScreen.storyboard */ = {
			isa = PBXVariantGroup;
			children = (
				297087372BFFC4CC00479A67 /* Base */,
			);
			name = LaunchScreen.storyboard;
			sourceTree = "<group>";
		};
/* End PBXVariantGroup section */

/* Begin XCBuildConfiguration section */
		2970873A2BFFC4CC00479A67 /* Debug */ = {
			isa = XCBuildConfiguration;
			buildSettings = {
				ALWAYS_SEARCH_USER_PATHS = NO;
				CLANG_ANALYZER_NONNULL = YES;
				CLANG_ANALYZER_NUMBER_OBJECT_CONVERSION = YES_AGGRESSIVE;
				CLANG_CXX_LANGUAGE_STANDARD = "gnu++20";
				CLANG_ENABLE_MODULES = YES;
				CLANG_ENABLE_OBJC_ARC = YES;
				CLANG_ENABLE_OBJC_WEAK = YES;
				CLANG_WARN_BLOCK_CAPTURE_AUTORELEASING = YES;
				CLANG_WARN_BOOL_CONVERSION = YES;
				CLANG_WARN_COMMA = YES;
				CLANG_WARN_CONSTANT_CONVERSION = YES;
				CLANG_WARN_DEPRECATED_OBJC_IMPLEMENTATIONS = YES;
				CLANG_WARN_DIRECT_OBJC_ISA_USAGE = YES_ERROR;
				CLANG_WARN_DOCUMENTATION_COMMENTS = YES;
				CLANG_WARN_EMPTY_BODY = YES;
				CLANG_WARN_ENUM_CONVERSION = YES;
				CLANG_WARN_INFINITE_RECURSION = YES;
				CLANG_WARN_INT_CONVERSION = YES;
				CLANG_WARN_NON_LITERAL_NULL_CONVERSION = YES;
				CLANG_WARN_OBJC_IMPLICIT_RETAIN_SELF = YES;
				CLANG_WARN_OBJC_LITERAL_CONVERSION = YES;
				CLANG_WARN_OBJC_ROOT_CLASS = YES_ERROR;
				CLANG_WARN_QUOTED_INCLUDE_IN_FRAMEWORK_HEADER = YES;
				CLANG_WARN_RANGE_LOOP_ANALYSIS = YES;
				CLANG_WARN_STRICT_PROTOTYPES = YES;
				CLANG_WARN_SUSPICIOUS_MOVE = YES;
				CLANG_WARN_UNGUARDED_AVAILABILITY = YES_AGGRESSIVE;
				CLANG_WARN_UNREACHABLE_CODE = YES;
				CLANG_WARN__DUPLICATE_METHOD_MATCH = YES;
				COPY_PHASE_STRIP = NO;
				DEBUG_INFORMATION_FORMAT = dwarf;
				ENABLE_STRICT_OBJC_MSGSEND = YES;
				ENABLE_TESTABILITY = YES;
				GCC_C_LANGUAGE_STANDARD = gnu11;
				GCC_DYNAMIC_NO_PIC = NO;
				GCC_NO_COMMON_BLOCKS = YES;
				GCC_OPTIMIZATION_LEVEL = 0;
				GCC_PREPROCESSOR_DEFINITIONS = (
					"DEBUG=1",
					"$(inherited)",
				);
				GCC_WARN_64_TO_32_BIT_CONVERSION = YES;
				GCC_WARN_ABOUT_RETURN_TYPE = YES_ERROR;
				GCC_WARN_UNDECLARED_SELECTOR = YES;
				GCC_WARN_UNINITIALIZED_AUTOS = YES_AGGRESSIVE;
				GCC_WARN_UNUSED_FUNCTION = YES;
				GCC_WARN_UNUSED_VARIABLE = YES;
				IPHONEOS_DEPLOYMENT_TARGET = 16.4;
				MTL_ENABLE_DEBUG_INFO = INCLUDE_SOURCE;
				MTL_FAST_MATH = YES;
				ONLY_ACTIVE_ARCH = YES;
				SDKROOT = iphoneos;
				SWIFT_ACTIVE_COMPILATION_CONDITIONS = DEBUG;
				SWIFT_OPTIMIZATION_LEVEL = "-Onone";
			};
			name = Debug;
		};
		2970873B2BFFC4CC00479A67 /* Release */ = {
			isa = XCBuildConfiguration;
			buildSettings = {
				ALWAYS_SEARCH_USER_PATHS = NO;
				CLANG_ANALYZER_NONNULL = YES;
				CLANG_ANALYZER_NUMBER_OBJECT_CONVERSION = YES_AGGRESSIVE;
				CLANG_CXX_LANGUAGE_STANDARD = "gnu++20";
				CLANG_ENABLE_MODULES = YES;
				CLANG_ENABLE_OBJC_ARC = YES;
				CLANG_ENABLE_OBJC_WEAK = YES;
				CLANG_WARN_BLOCK_CAPTURE_AUTORELEASING = YES;
				CLANG_WARN_BOOL_CONVERSION = YES;
				CLANG_WARN_COMMA = YES;
				CLANG_WARN_CONSTANT_CONVERSION = YES;
				CLANG_WARN_DEPRECATED_OBJC_IMPLEMENTATIONS = YES;
				CLANG_WARN_DIRECT_OBJC_ISA_USAGE = YES_ERROR;
				CLANG_WARN_DOCUMENTATION_COMMENTS = YES;
				CLANG_WARN_EMPTY_BODY = YES;
				CLANG_WARN_ENUM_CONVERSION = YES;
				CLANG_WARN_INFINITE_RECURSION = YES;
				CLANG_WARN_INT_CONVERSION = YES;
				CLANG_WARN_NON_LITERAL_NULL_CONVERSION = YES;
				CLANG_WARN_OBJC_IMPLICIT_RETAIN_SELF = YES;
				CLANG_WARN_OBJC_LITERAL_CONVERSION = YES;
				CLANG_WARN_OBJC_ROOT_CLASS = YES_ERROR;
				CLANG_WARN_QUOTED_INCLUDE_IN_FRAMEWORK_HEADER = YES;
				CLANG_WARN_RANGE_LOOP_ANALYSIS = YES;
				CLANG_WARN_STRICT_PROTOTYPES = YES;
				CLANG_WARN_SUSPICIOUS_MOVE = YES;
				CLANG_WARN_UNGUARDED_AVAILABILITY = YES_AGGRESSIVE;
				CLANG_WARN_UNREACHABLE_CODE = YES;
				CLANG_WARN__DUPLICATE_METHOD_MATCH = YES;
				COPY_PHASE_STRIP = NO;
				DEBUG_INFORMATION_FORMAT = "dwarf-with-dsym";
				ENABLE_NS_ASSERTIONS = NO;
				ENABLE_STRICT_OBJC_MSGSEND = YES;
				GCC_C_LANGUAGE_STANDARD = gnu11;
				GCC_NO_COMMON_BLOCKS = YES;
				GCC_WARN_64_TO_32_BIT_CONVERSION = YES;
				GCC_WARN_ABOUT_RETURN_TYPE = YES_ERROR;
				GCC_WARN_UNDECLARED_SELECTOR = YES;
				GCC_WARN_UNINITIALIZED_AUTOS = YES_AGGRESSIVE;
				GCC_WARN_UNUSED_FUNCTION = YES;
				GCC_WARN_UNUSED_VARIABLE = YES;
				IPHONEOS_DEPLOYMENT_TARGET = 16.4;
				MTL_ENABLE_DEBUG_INFO = NO;
				MTL_FAST_MATH = YES;
				SDKROOT = iphoneos;
				SWIFT_COMPILATION_MODE = wholemodule;
				SWIFT_OPTIMIZATION_LEVEL = "-O";
				VALIDATE_PRODUCT = YES;
			};
			name = Release;
		};
		2970873D2BFFC4CC00479A67 /* Debug */ = {
			isa = XCBuildConfiguration;
			baseConfigurationReference = CB9E73B9692CC62D8839D020 /* Pods-snapkitProject.debug.xcconfig */;
			buildSettings = {
				ASSETCATALOG_COMPILER_APPICON_NAME = AppIcon;
				ASSETCATALOG_COMPILER_GLOBAL_ACCENT_COLOR_NAME = AccentColor;
				CODE_SIGN_STYLE = Automatic;
				CURRENT_PROJECT_VERSION = 1;
				DEVELOPMENT_TEAM = 96CCUXA5A9;
				GENERATE_INFOPLIST_FILE = YES;
				INFOPLIST_FILE = snapkitProject/Info.plist;
				INFOPLIST_KEY_UIApplicationSupportsIndirectInputEvents = YES;
				INFOPLIST_KEY_UILaunchStoryboardName = LaunchScreen;
				INFOPLIST_KEY_UIMainStoryboardFile = "";
				INFOPLIST_KEY_UISupportedInterfaceOrientations_iPad = "UIInterfaceOrientationPortrait UIInterfaceOrientationPortraitUpsideDown UIInterfaceOrientationLandscapeLeft UIInterfaceOrientationLandscapeRight";
				INFOPLIST_KEY_UISupportedInterfaceOrientations_iPhone = "UIInterfaceOrientationPortrait UIInterfaceOrientationLandscapeLeft UIInterfaceOrientationLandscapeRight";
				LD_RUNPATH_SEARCH_PATHS = (
					"$(inherited)",
					"@executable_path/Frameworks",
				);
				MARKETING_VERSION = 1.0;
				PRODUCT_BUNDLE_IDENTIFIER = luizrebelatto.snapkitProject;
				PRODUCT_NAME = "$(TARGET_NAME)";
				SWIFT_EMIT_LOC_STRINGS = YES;
				SWIFT_VERSION = 5.0;
				TARGETED_DEVICE_FAMILY = "1,2";
			};
			name = Debug;
		};
		2970873E2BFFC4CC00479A67 /* Release */ = {
			isa = XCBuildConfiguration;
			baseConfigurationReference = 701DC761439FA50139015776 /* Pods-snapkitProject.release.xcconfig */;
			buildSettings = {
				ASSETCATALOG_COMPILER_APPICON_NAME = AppIcon;
				ASSETCATALOG_COMPILER_GLOBAL_ACCENT_COLOR_NAME = AccentColor;
				CODE_SIGN_STYLE = Automatic;
				CURRENT_PROJECT_VERSION = 1;
				DEVELOPMENT_TEAM = 96CCUXA5A9;
				GENERATE_INFOPLIST_FILE = YES;
				INFOPLIST_FILE = snapkitProject/Info.plist;
				INFOPLIST_KEY_UIApplicationSupportsIndirectInputEvents = YES;
				INFOPLIST_KEY_UILaunchStoryboardName = LaunchScreen;
				INFOPLIST_KEY_UIMainStoryboardFile = "";
				INFOPLIST_KEY_UISupportedInterfaceOrientations_iPad = "UIInterfaceOrientationPortrait UIInterfaceOrientationPortraitUpsideDown UIInterfaceOrientationLandscapeLeft UIInterfaceOrientationLandscapeRight";
				INFOPLIST_KEY_UISupportedInterfaceOrientations_iPhone = "UIInterfaceOrientationPortrait UIInterfaceOrientationLandscapeLeft UIInterfaceOrientationLandscapeRight";
				LD_RUNPATH_SEARCH_PATHS = (
					"$(inherited)",
					"@executable_path/Frameworks",
				);
				MARKETING_VERSION = 1.0;
				PRODUCT_BUNDLE_IDENTIFIER = luizrebelatto.snapkitProject;
				PRODUCT_NAME = "$(TARGET_NAME)";
				SWIFT_EMIT_LOC_STRINGS = YES;
				SWIFT_VERSION = 5.0;
				TARGETED_DEVICE_FAMILY = "1,2";
			};
			name = Release;
		};
/* End XCBuildConfiguration section */

/* Begin XCConfigurationList section */
		297087232BFFC4CB00479A67 /* Build configuration list for PBXProject "snapkitProject" */ = {
			isa = XCConfigurationList;
			buildConfigurations = (
				2970873A2BFFC4CC00479A67 /* Debug */,
				2970873B2BFFC4CC00479A67 /* Release */,
			);
			defaultConfigurationIsVisible = 0;
			defaultConfigurationName = Release;
		};
		2970873C2BFFC4CC00479A67 /* Build configuration list for PBXNativeTarget "snapkitProject" */ = {
			isa = XCConfigurationList;
			buildConfigurations = (
				2970873D2BFFC4CC00479A67 /* Debug */,
				2970873E2BFFC4CC00479A67 /* Release */,
			);
			defaultConfigurationIsVisible = 0;
			defaultConfigurationName = Release;
		};
/* End XCConfigurationList section */
	};
	rootObject = 297087202BFFC4CB00479A67 /* Project object */;
}
